
Microsoft Visual Studio Solution File, Format Version 12.00
# Visual Studio 2017
Project("{FAE04EC0-301F-11D3-BF4B-00C04F79EFBC}") = "Dragon Egg", "Dragon Egg.csproj", "{592CE28F-CC87-8E49-F743-A809CC18B9D8}"
EndProject
Project("{FAE04EC0-301F-11D3-BF4B-00C04F79EFBC}") = "Dragon Egg.Plugins", "Dragon Egg.Plugins.csproj", "{24A3DBB0-C3B3-5D98-AD44-05138558ECCF}"
EndProject
Project("{FAE04EC0-301F-11D3-BF4B-00C04F79EFBC}") = "Dragon Egg.Editor.Plugins", "Dragon Egg.Editor.Plugins.csproj", "{2E59BBC6-050C-D60D-2E36-05447F8818FB}"
EndProject
Global
	GlobalSection(SolutionConfigurationPlatforms) = preSolution
		Debug|Any CPU = Debug|Any CPU
		Release|Any CPU = Release|Any CPU
	EndGlobalSection
	GlobalSection(ProjectConfigurationPlatforms) = postSolution
		{592CE28F-CC87-8E49-F743-A809CC18B9D8}.Debug|Any CPU.ActiveCfg = Debug|Any CPU
		{592CE28F-CC87-8E49-F743-A809CC18B9D8}.Debug|Any CPU.Build.0 = Debug|Any CPU
		{592CE28F-CC87-8E49-F743-A809CC18B9D8}.Release|Any CPU.ActiveCfg = Release|Any CPU
		{592CE28F-CC87-8E49-F743-A809CC18B9D8}.Release|Any CPU.Build.0 = Release|Any CPU
		{24A3DBB0-C3B3-5D98-AD44-05138558ECCF}.Debug|Any CPU.ActiveCfg = Debug|Any CPU
		{24A3DBB0-C3B3-5D98-AD44-05138558ECCF}.Debug|Any CPU.Build.0 = Debug|Any CPU
		{24A3DBB0-C3B3-5D98-AD44-05138558ECCF}.Release|Any CPU.ActiveCfg = Release|Any CPU
		{24A3DBB0-C3B3-5D98-AD44-05138558ECCF}.Release|Any CPU.Build.0 = Release|Any CPU
		{2E59BBC6-050C-D60D-2E36-05447F8818FB}.Debug|Any CPU.ActiveCfg = Debug|Any CPU
		{2E59BBC6-050C-D60D-2E36-05447F8818FB}.Debug|Any CPU.Build.0 = Debug|Any CPU
		{2E59BBC6-050C-D60D-2E36-05447F8818FB}.Release|Any CPU.ActiveCfg = Release|Any CPU
		{2E59BBC6-050C-D60D-2E36-05447F8818FB}.Release|Any CPU.Build.0 = Release|Any CPU
	EndGlobalSection
	GlobalSection(SolutionProperties) = preSolution
		HideSolutionNode = FALSE
	EndGlobalSection
EndGlobal
